{
  "lockfileVersion": 1,
  "configVersion": 1,
  "workspaces": {
    "": {
      "name": "router",
      "dependencies": {
        "@ai-sdk/anthropic": "^3.0.53",
        "@ai-sdk/cerebras": "^2.0.37",
        "@ai-sdk/cohere": "^3.0.23",
        "@ai-sdk/deepinfra": "^2.0.37",
        "@ai-sdk/deepseek": "^2.0.22",
        "@ai-sdk/fireworks": "^2.0.38",
        "@ai-sdk/google": "^3.0.37",
        "@ai-sdk/groq": "^3.0.27",
        "@ai-sdk/huggingface": "^1.0.40",
        "@ai-sdk/mistral": "^3.0.22",
        "@ai-sdk/openai": "^3.0.39",
        "@ai-sdk/openai-compatible": "^2.0.35",
        "@ai-sdk/perplexity": "^3.0.21",
        "@ai-sdk/togetherai": "^2.0.37",
        "@ai-sdk/xai": "^3.0.64",
        "@openrouter/ai-sdk-provider": "^2.3.1",
        "ai": "^6.0.110",
        "sporewright": "file:../sporewright",
        "zod": "^3.25.76",
      },
      "devDependencies": {
        "@types/bun": "^1.3.14",
        "typescript": "^5.6.0",
      },
    },
  },
  "packages": {
    "@ai-sdk/anthropic": ["@ai-sdk/anthropic@3.0.81", "", { "dependencies": { "@ai-sdk/provider": "3.0.10", "@ai-sdk/provider-utils": "4.0.27" }, "peerDependencies": { "zod": "^3.25.76 || ^4.1.8" } }, "sha512-B1JDd9Ugq9R5AgIaW3674lhGCMMYJcPUxnrZh8fzbGojgg4QvHFRv6eZahGQAUsmGHbcf74G9bdSBDLWQGY2GA=="],

    "@ai-sdk/cerebras": ["@ai-sdk/cerebras@2.0.54", "", { "dependencies": { "@ai-sdk/openai-compatible": "2.0.48", "@ai-sdk/provider": "3.0.10", "@ai-sdk/provider-utils": "4.0.27" }, "peerDependencies": { "zod": "^3.25.76 || ^4.1.8" } }, "sha512-m+oLYlZUA0j5aeE8BrjDd2DSCx6HujqPB2C0YjQF7iGQ4sTCCmhHfH2o0uY7vlSPIJpA2ak6YyF7R14a5dq8fw=="],

    "@ai-sdk/cohere": ["@ai-sdk/cohere@3.0.36", "", { "dependencies": { "@ai-sdk/provider": "3.0.10", "@ai-sdk/provider-utils": "4.0.27" }, "peerDependencies": { "zod": "^3.25.76 || ^4.1.8" } }, "sha512-a3xUVhBYP5FuThYA3Q7NjuEyl/ObBhx9z0zFDRebW0UqEoExS3zJwtE9OB+gHc/uvwx93hNg5ZITAFAvqG3GMQ=="],

    "@ai-sdk/deepinfra": ["@ai-sdk/deepinfra@2.0.52", "", { "dependencies": { "@ai-sdk/openai-compatible": "2.0.48", "@ai-sdk/provider": "3.0.10", "@ai-sdk/provider-utils": "4.0.27" }, "peerDependencies": { "zod": "^3.25.76 || ^4.1.8" } }, "sha512-/S4WchqBHlZr0wZmpWfDafM6omNz5i1tIo7WeQ6Hd5y/Jz1le1uWW0AEb1J0ehw+uYMEHc/bLA9RMBf1zehIOg=="],

    "@ai-sdk/deepseek": ["@ai-sdk/deepseek@2.0.35", "", { "dependencies": { "@ai-sdk/provider": "3.0.10", "@ai-sdk/provider-utils": "4.0.27" }, "peerDependencies": { "zod": "^3.25.76 || ^4.1.8" } }, "sha512-9DhYurbAvcurOEGN6u2myYDybrrzGfcrkG8hwmFjwTrePW6KCMggm0YxP7e8RkLYcQKqCEMgFlyEB4BM6EmiKg=="],

    "@ai-sdk/fireworks": ["@ai-sdk/fireworks@2.0.53", "", { "dependencies": { "@ai-sdk/openai-compatible": "2.0.48", "@ai-sdk/provider": "3.0.10", "@ai-sdk/provider-utils": "4.0.27" }, "peerDependencies": { "zod": "^3.25.76 || ^4.1.8" } }, "sha512-HjeiGsdxSzrCkOf2l2V+K+opzlqxBtduBq6BCiohAdgQk2KdZmI/67SMkBM6Kdze/BjUXiZlv0d7zNICPhxVDA=="],

    "@ai-sdk/gateway": ["@ai-sdk/gateway@3.0.123", "", { "dependencies": { "@ai-sdk/provider": "3.0.10", "@ai-sdk/provider-utils": "4.0.27", "@vercel/oidc": "3.2.0" }, "peerDependencies": { "zod": "^3.25.76 || ^4.1.8" } }, "sha512-rL+3Sp9crOlfE7MwguFPS30qVp6HFcr9na0KYMb4CcQdxAIjBJec3EEdCjc94UyRVZWLmgQ6Yr605FmPlFIi0w=="],

    "@ai-sdk/google": ["@ai-sdk/google@3.0.80", "", { "dependencies": { "@ai-sdk/provider": "3.0.10", "@ai-sdk/provider-utils": "4.0.27" }, "peerDependencies": { "zod": "^3.25.76 || ^4.1.8" } }, "sha512-5ORbm/yFUPO0MEvZsxBMN0cdKw2+lwU/wVn5KN3KF8Dmk1LughuDuUohMh/7iU/XFTiyB0OvmTW/tdV/J7O9zg=="],

    "@ai-sdk/groq": ["@ai-sdk/groq@3.0.39", "", { "dependencies": { "@ai-sdk/provider": "3.0.10", "@ai-sdk/provider-utils": "4.0.27" }, "peerDependencies": { "zod": "^3.25.76 || ^4.1.8" } }, "sha512-BZAr6DjCbzWQ0Qn1/TSsHo/bmCt4JaAMb4A7HCSUZBQCAcOjne/03D0sVjHnQhUC3TpwcmYiv7tHAviK7BluRw=="],

    "@ai-sdk/huggingface": ["@ai-sdk/huggingface@1.0.50", "", { "dependencies": { "@ai-sdk/openai-compatible": "2.0.48", "@ai-sdk/provider": "3.0.10", "@ai-sdk/provider-utils": "4.0.27" }, "peerDependencies": { "zod": "^3.25.76 || ^4" } }, "sha512-2qn7UAP4q2YrQstKtyRSJro8ujicwgEgPChKMiTbTnAH7SDagI2TfciU+hC9adOP1dM9HDqFP+lVnl4+VBv6Aw=="],

    "@ai-sdk/mistral": ["@ai-sdk/mistral@3.0.37", "", { "dependencies": { "@ai-sdk/provider": "3.0.10", "@ai-sdk/provider-utils": "4.0.27" }, "peerDependencies": { "zod": "^3.25.76 || ^4.1.8" } }, "sha512-KkdaMjs4C2y+vrZWJE990E3ZxBFiOTHQ94ZlquuIttpphcqJTMxNoIpnKT/4UzMVWXL0BUEE2vs+1UEVXkN8Kg=="],

    "@ai-sdk/openai": ["@ai-sdk/openai@3.0.67", "", { "dependencies": { "@ai-sdk/provider": "3.0.10", "@ai-sdk/provider-utils": "4.0.27" }, "peerDependencies": { "zod": "^3.25.76 || ^4.1.8" } }, "sha512-oAiGC9eWG7IgtdsdS74bOCnAAHarAfTJhWN9x5INwnWPekL802AvF+0I5DvLzIF1MIRmNw4N8mPSL/GUVbX9Mw=="],

    "@ai-sdk/openai-compatible": ["@ai-sdk/openai-compatible@2.0.48", "", { "dependencies": { "@ai-sdk/provider": "3.0.10", "@ai-sdk/provider-utils": "4.0.27" }, "peerDependencies": { "zod": "^3.25.76 || ^4.1.8" } }, "sha512-z9MC6M4Oh/yUY/F/eszOtO8wc2nMz99XmZQKd2gWTtyIfe716xTfrKe3aYZKg20NZDtyjqPPKPSR+wqz7q1T7Q=="],

    "@ai-sdk/perplexity": ["@ai-sdk/perplexity@3.0.33", "", { "dependencies": { "@ai-sdk/provider": "3.0.10", "@ai-sdk/provider-utils": "4.0.27" }, "peerDependencies": { "zod": "^3.25.76 || ^4.1.8" } }, "sha512-aNt6pTAzq+akadDXVdg2SjN2dODtaVlkKbw8/35c+sekr+Tx0sJwVqMR1udxrjLzhQvz8qtfsWRuz+hB9pmOnQ=="],

    "@ai-sdk/provider": ["@ai-sdk/provider@3.0.10", "", { "dependencies": { "json-schema": "^0.4.0" } }, "sha512-Q3BZ27qfpYqnCYGvE3vt+Qi6LGOF9R5Nmzn+9JoM1lCRsD9mYaIhfJLkSunN48nfGXJ6n+XNV0J/XVpqGQl7Dw=="],

    "@ai-sdk/provider-utils": ["@ai-sdk/provider-utils@4.0.27", "", { "dependencies": { "@ai-sdk/provider": "3.0.10", "@standard-schema/spec": "^1.1.0", "eventsource-parser": "^3.0.8" }, "peerDependencies": { "zod": "^3.25.76 || ^4.1.8" } }, "sha512-ubkAJ+xODouwtmN1tYlvTPphH1hPOBfZaEQe8U7skGvFAnIRs9PPpsq57bC2+Ky/MB4yzhd6YOsxTAx9sGpazw=="],

    "@ai-sdk/togetherai": ["@ai-sdk/togetherai@2.0.53", "", { "dependencies": { "@ai-sdk/openai-compatible": "2.0.48", "@ai-sdk/provider": "3.0.10", "@ai-sdk/provider-utils": "4.0.27" }, "peerDependencies": { "zod": "^3.25.76 || ^4.1.8" } }, "sha512-M/qsqM1HMlFpWHxHTEorENCLFmBefwxhGTB+XVsjUh77gfyt1io8eg96c/CyWZTxCPa5GxLfl9mhPxp8wjWATg=="],

    "@ai-sdk/xai": ["@ai-sdk/xai@3.0.93", "", { "dependencies": { "@ai-sdk/openai-compatible": "2.0.48", "@ai-sdk/provider": "3.0.10", "@ai-sdk/provider-utils": "4.0.27" }, "peerDependencies": { "zod": "^3.25.76 || ^4.1.8" } }, "sha512-HxazLIcSTgI0UQoq6ua0rcSR8+eXuNy0Qh4jkCY9EAWedYn6CQ0XD/j34U4/JYtO738xJdY+tE95okdqWqXkHA=="],

    "@openrouter/ai-sdk-provider": ["@openrouter/ai-sdk-provider@2.9.0", "", { "peerDependencies": { "ai": "^6.0.0", "zod": "^3.25.0 || ^4.0.0" } }, "sha512-Seva+NCa0WUQnJIUE5GzHsUv1WTIeyqwz0ELl2VtS6NP+eF+77yCXGFVOMbvoCM7QMjlnhv7931e89R+8pJdcQ=="],

    "@opentelemetry/api": ["@opentelemetry/api@1.9.1", "", {}, "sha512-gLyJlPHPZYdAk1JENA9LeHejZe1Ti77/pTeFm/nMXmQH/HFZlcS/O2XJB+L8fkbrNSqhdtlvjBVjxwUYanNH5Q=="],

    "@standard-schema/spec": ["@standard-schema/spec@1.1.0", "", {}, "sha512-l2aFy5jALhniG5HgqrD6jXLi/rUWrKvqN/qJx6yoJsgKhblVd+iqqU4RCXavm/jPityDo5TCvKMnpjKnOriy0w=="],

    "@types/bun": ["@types/bun@1.3.14", "", { "dependencies": { "bun-types": "1.3.14" } }, "sha512-h1hFqFVcvAvD9j9K7ZW7vd82aSA+rTdznZa+5bwvCwqSB1jmmfLcbIWhOLx1/+boy/xmjgCs/OMUL8hRJSmnPw=="],

    "@types/node": ["@types/node@25.9.1", "", { "dependencies": { "undici-types": ">=7.24.0 <7.24.7" } }, "sha512-xfrlY7UD5rMJk3ZVJP8BNzS28J36YJg+xp+LPXV1TdWxr8uMH5A860QNxYDGQe/ylDSgjxE52Q9VnO7p75tJxg=="],

    "@vercel/oidc": ["@vercel/oidc@3.2.0", "", {}, "sha512-UycprH3T6n3jH0k44NHMa7pnFHGu/N05MjojYr+Mc6I7obkoLIJujSWwin1pCvdy/eOxrI/l3uDLQsmcrOb4ug=="],

    "ai": ["ai@6.0.195", "", { "dependencies": { "@ai-sdk/gateway": "3.0.123", "@ai-sdk/provider": "3.0.10", "@ai-sdk/provider-utils": "4.0.27", "@opentelemetry/api": "^1.9.0" }, "peerDependencies": { "zod": "^3.25.76 || ^4.1.8" } }, "sha512-IYZpuVz0boWbpIQYyinfWFrvQ1N0dG+EVB63it45B2YAU/MxxCnwz4zBswjYnPtHnJBedpMPNrwVbeczbl2GKg=="],

    "bun-types": ["bun-types@1.3.14", "", { "dependencies": { "@types/node": "*" } }, "sha512-4N0ig0fEomHt5R0KCFWjovxow98rIoRwKolrYdCcknNwMekCXRnWEUvgu5soYV8QXtVsrUD8B95MBOZGPvr6KQ=="],

    "eventsource-parser": ["eventsource-parser@3.1.0", "", {}, "sha512-kJezFj9YFAMLeORyi7aCLxLbD5/qWMQnoMVlVPyHIll7lgRJCc3JVln9Vgl9nwQi0YkMnhdGTMNn7CkRRAptMg=="],

    "json-schema": ["json-schema@0.4.0", "", {}, "sha512-es94M3nTIfsEPisRafak+HDLfHXnKBhV3vU5eqPcS3flIWqcxJWgXHXiey3YrpaNsanY5ei1VoYEbOzijuq9BA=="],

    "sporewright": ["sporewright@file:../sporewright", { "dependencies": { "zod": "^3.25.76" }, "devDependencies": { "@types/bun": "^1.3.14", "typescript": "^5.6.0" } }],

    "typescript": ["typescript@5.9.3", "", { "bin": { "tsc": "bin/tsc", "tsserver": "bin/tsserver" } }, "sha512-jl1vZzPDinLr9eUt3J/t7V6FgNEw9QjvBPdysz9KfQDD41fQrC2Y4vKQdiaUpFT4bXlb1RHhLpp8wtm6M5TgSw=="],

    "undici-types": ["undici-types@7.24.6", "", {}, "sha512-WRNW+sJgj5OBN4/0JpHFqtqzhpbnV0GuB+OozA9gCL7a993SmU+1JBZCzLNxYsbMfIeDL+lTsphD5jN5N+n0zg=="],

    "zod": ["zod@3.25.76", "", {}, "sha512-gzUt/qt81nXsFGKIFcC3YnfEAx5NkunCfnDlvuBSSFS02bcXu4Lmea0AFIUwbLWxWPx3d9p8S5QoaujKcNQxcQ=="],
  }
}
